{
    "_readme": [
        "This file locks the dependencies of your project to a known state",
        "Read more about it at https://getcomposer.org/doc/01-basic-usage.md#installing-dependencies",
        "This file is @generated automatically"
    ],
    "content-hash": "41849f7a70a88e2947387f57826c443a",
    "packages": [
        {
            "name": "dhruv125/coretex",
            "version": "v1.0.2",
            "source": {
                "type": "git",
                "url": "https://github.com/Sanatani-Dhruv/coretex.git",
                "reference": "4b2384de39ac8e6a22f0693b69178703d71ed00a"
            },
            "dist": {
                "type": "zip",
                "url": "https://api.github.com/repos/Sanatani-Dhruv/coretex/zipball/4b2384de39ac8e6a22f0693b69178703d71ed00a",
                "reference": "4b2384de39ac8e6a22f0693b69178703d71ed00a",
                "shasum": ""
            },
            "type": "library",
            "autoload": {
                "psr-4": {
                    "Dhruv125\\Coretex\\": "src/"
                }
            },
            "notification-url": "https://packagist.org/downloads/",
            "license": [
                "MIT"
            ],
            "authors": [
                {
                    "name": "dhruv125"
                }
            ],
            "description": "Only core package you need to get started with ownwork framework.",
            "support": {
                "issues": "https://github.com/Sanatani-Dhruv/coretex/issues",
                "source": "https://github.com/Sanatani-Dhruv/coretex/tree/v1.0.2"
            },
            "time": "2026-06-30T06:21:15+00:00"
        }
    ],
    "packages-dev": [],
    "aliases": [],
    "minimum-stability": "stable",
    "stability-flags": {},
    "prefer-stable": false,
    "prefer-lowest": false,
    "platform": {
        "php": "^8.0"
    },
    "platform-dev": {},
    "plugin-api-version": "2.9.0"
}
